<Solution>
  <Project Path="MercadoMAX.Auth.API/MercadoMAX.Auth.API.csproj" />
  <Project Path="MercadoMAX.Comerciante.API/MercadoMAX.Comerciante.API.csproj" />
  <Project Path="MercadoMAX.Guias.API/MercadoMAX.Guias.API.csproj" />
  <Project Path="MercadoMAX.Maestros.API/MercadoMAX.Maestros.API.csproj" />
  <Project Path="MercadoMAX.Recepcion.API/MercadoMAX.Recepcion.API.csproj" />
  <Project Path="MercadoMAX.Shared/MercadoMAX.Shared.csproj" />
  <Project Path="MercadoMAX.Transporte.API/MercadoMAX.Transporte.API.csproj" />
  <Project Path="MercadoMAX.Finanzas.API/MercadoMAX.Finanzas.API.csproj" />
  <Project Path="MercadoMAX.Gateway/MercadoMAX.Gateway.csproj" />
</Solution>
